{
  "version": 4,
  "terraform_version": "1.9.2",
  "serial": 6,
  "lineage": "f62ed925-7851-7df9-fac0-09ba4b7d5fca",
  "outputs": {},
  "resources": [
    {
      "mode": "managed",
      "type": "vultr_block_storage",
      "name": "example_blockstorage",
      "provider": "provider[\"registry.terraform.io/vultr/vultr\"]",
      "instances": [
        {
          "schema_version": 0,
          "attributes": {
            "attached_to_instance": "6efe7239-a43c-4830-9b12-e5d1d5b66233",
            "block_type": "high_perf",
            "cost": 1,
            "date_created": "2024-07-20T00:42:34+00:00",
            "id": "61b389f8-6d75-4bea-bc45-7b1790820282",
            "label": "",
            "live": false,
            "mount_id": "lax-61b389f86d754b",
            "region": "lax",
            "size_gb": 10,
            "status": "active"
          },
          "sensitive_attributes": [],
          "private": "bnVsbA==",
          "dependencies": [
            "vultr_instance.example_instance"
          ]
        }
      ]
    },
    {
      "mode": "managed",
      "type": "vultr_instance",
      "name": "example_instance",
      "provider": "provider[\"registry.terraform.io/vultr/vultr\"]",
      "instances": [
        {
          "schema_version": 0,
          "attributes": {
            "activation_email": null,
            "allowed_bandwidth": 1,
            "app_id": 0,
            "app_variables": null,
            "backups": "disabled",
            "backups_schedule": [],
            "date_created": "2024-07-20T00:41:31+00:00",
            "ddos_protection": false,
            "default_password": "rL7{cdwnqSv@5daK",
            "disable_public_ipv4": null,
            "disk": 25,
            "enable_ipv6": null,
            "features": [],
            "firewall_group_id": "",
            "gateway_v4": "45.77.85.1",
            "hostname": "vultr.guest",
            "id": "6efe7239-a43c-4830-9b12-e5d1d5b66233",
            "image_id": null,
            "internal_ip": "",
            "iso_id": null,
            "kvm": "https://my.vultr.com/subs/vps/novnc/api.php?data=djJ8c2dneGg0Z01ZRTc3RURycTBBd0d4a3RNVFhvMEhJTm18Jm2T6X7qK9b_TeGrv7SfQWEHpU5Iwo9S52o_GY0VY2Jf8wSe0SnatJ6ovIYy8nvuFCboAYoNn39HWe0sbfH1Qt3qgCgy9tgykvV9_lz2Zsos5l2as8PsBcv2tRTOX1p5yckyVcbn50An-iFJnI-Wc6y10nXugs-_zFupcrEdDK-zIQYqOq7Qxg_4JDMzfJw",
            "label": null,
            "main_ip": "45.77.85.28",
            "netmask_v4": "255.255.255.0",
            "os": "Ubuntu 20.04 LTS x64",
            "os_id": 387,
            "plan": "vc2-1c-1gb",
            "power_status": "running",
            "ram": 1024,
            "region": "lax",
            "reserved_ip_id": null,
            "script_id": null,
            "server_status": "installingbooting",
            "snapshot_id": null,
            "ssh_key_ids": null,
            "status": "active",
            "tags": null,
            "timeouts": null,
            "user_data": null,
            "v6_main_ip": "",
            "v6_network": "",
            "v6_network_size": 0,
            "vcpu_count": 1,
            "vpc2_ids": null,
            "vpc_ids": []
          },
          "sensitive_attributes": [
            [
              {
                "type": "get_attr",
                "value": "default_password"
              }
            ]
          ],
          "private": "eyJlMmJmYjczMC1lY2FhLTExZTYtOGY4OC0zNDM2M2JjN2M0YzAiOnsiY3JlYXRlIjozNjAwMDAwMDAwMDAwLCJ1cGRhdGUiOjM2MDAwMDAwMDAwMDB9fQ=="
        }
      ]
    }
  ],
  "check_results": null
}
