{
  "version": 4,
  "terraform_version": "1.9.2",
  "serial": 1,
  "lineage": "f62ed925-7851-7df9-fac0-09ba4b7d5fca",
  "outputs": {},
  "resources": [
    {
      "mode": "managed",
      "type": "vultr_instance",
      "name": "example_instance",
      "provider": "provider[\"registry.terraform.io/vultr/vultr\"]",
      "instances": [
        {
          "schema_version": 0,
          "attributes": {
            "activation_email": null,
            "allowed_bandwidth": 1,
            "app_id": 0,
            "app_variables": null,
            "backups": "disabled",
            "backups_schedule": [],
            "date_created": "2024-07-19T16:21:43+00:00",
            "ddos_protection": false,
            "default_password": "oQ7#58ao3=FCth?(",
            "disable_public_ipv4": null,
            "disk": 25,
            "enable_ipv6": null,
            "features": [],
            "firewall_group_id": "",
            "gateway_v4": "149.28.84.1",
            "hostname": "vultr.guest",
            "id": "8896c2a7-b023-430c-b7bc-218f46f81385",
            "image_id": null,
            "internal_ip": "",
            "iso_id": null,
            "kvm": "https://my.vultr.com/subs/vps/novnc/api.php?data=djJ8eGU4d0ZTajJSRTdZWldpaEkteXdGVDVDd0tDZkdDeGR83nTINFn2QXiP6aGI6Xsp0NHh5M8A_86ykfXefUK-nMVmqtObJHpOgCdH_FmX_ClAK2AcdIBMuuf3jIxSOc8RsAgfOSNflQybtHeb5dlvAeNJBanouZ0h_iRh8gAEarR2IHdFViLUVnzdcls8KfrSQj3jsl9yV9tdYmOedoSqMfm1r9btjd00lsKwy5d-l10",
            "label": null,
            "main_ip": "149.28.85.186",
            "netmask_v4": "255.255.254.0",
            "os": "Ubuntu 20.04 LTS x64",
            "os_id": 387,
            "plan": "vc2-1c-1gb",
            "power_status": "running",
            "ram": 1024,
            "region": "lax",
            "reserved_ip_id": null,
            "script_id": null,
            "server_status": "installingbooting",
            "snapshot_id": null,
            "ssh_key_ids": null,
            "status": "active",
            "tags": null,
            "timeouts": null,
            "user_data": null,
            "v6_main_ip": "",
            "v6_network": "",
            "v6_network_size": 0,
            "vcpu_count": 1,
            "vpc2_ids": null,
            "vpc_ids": []
          },
          "sensitive_attributes": [
            [
              {
                "type": "get_attr",
                "value": "default_password"
              }
            ]
          ],
          "private": "eyJlMmJmYjczMC1lY2FhLTExZTYtOGY4OC0zNDM2M2JjN2M0YzAiOnsiY3JlYXRlIjozNjAwMDAwMDAwMDAwLCJ1cGRhdGUiOjM2MDAwMDAwMDAwMDB9fQ=="
        }
      ]
    }
  ],
  "check_results": null
}
